
Microsoft Visual Studio Solution File, Format Version 12.00
# Visual Studio Version 17
VisualStudioVersion = 17.5.33516.290
MinimumVisualStudioVersion = 10.0.40219.1
Project("{FAE04EC0-301F-11D3-BF4B-00C04F79EFBC}") = "GrpcServerMain", "GrpcServerMain\GrpcServerMain.csproj", "{9EF9FBA4-913B-4D8B-8AFE-A2311B4C0912}"
EndProject
Global
	GlobalSection(SolutionConfigurationPlatforms) = preSolution
		Debug|Any CPU = Debug|Any CPU
		Release|Any CPU = Release|Any CPU
	EndGlobalSection
	GlobalSection(ProjectConfigurationPlatforms) = postSolution
		{9EF9FBA4-913B-4D8B-8AFE-A2311B4C0912}.Debug|Any CPU.ActiveCfg = Debug|Any CPU
		{9EF9FBA4-913B-4D8B-8AFE-A2311B4C0912}.Debug|Any CPU.Build.0 = Debug|Any CPU
		{9EF9FBA4-913B-4D8B-8AFE-A2311B4C0912}.Release|Any CPU.ActiveCfg = Release|Any CPU
		{9EF9FBA4-913B-4D8B-8AFE-A2311B4C0912}.Release|Any CPU.Build.0 = Release|Any CPU
	EndGlobalSection
	GlobalSection(SolutionProperties) = preSolution
		HideSolutionNode = FALSE
	EndGlobalSection
	GlobalSection(ExtensibilityGlobals) = postSolution
		SolutionGuid = {14FCACA2-9AE0-4407-97A2-12A8F19FE408}
	EndGlobalSection
EndGlobal
